
Microsoft Visual Studio Solution File, Format Version 12.00
# Visual Studio Version 16
VisualStudioVersion = 25.0.1703.5
MinimumVisualStudioVersion = 10.0.40219.1
Project("{FAE04EC0-301F-11D3-BF4B-00C04F79EFBC}") = "ReadWriteFile", "ReadWriteFile\ReadWriteFile.csproj", "{9B63D369-C610-483B-8EC5-B1D76E9634FD}"
EndProject
Global
	GlobalSection(SolutionConfigurationPlatforms) = preSolution
		Debug|Any CPU = Debug|Any CPU
		Release|Any CPU = Release|Any CPU
	EndGlobalSection
	GlobalSection(ProjectConfigurationPlatforms) = postSolution
		{9B63D369-C610-483B-8EC5-B1D76E9634FD}.Debug|Any CPU.ActiveCfg = Debug|Any CPU
		{9B63D369-C610-483B-8EC5-B1D76E9634FD}.Debug|Any CPU.Build.0 = Debug|Any CPU
		{9B63D369-C610-483B-8EC5-B1D76E9634FD}.Release|Any CPU.ActiveCfg = Release|Any CPU
		{9B63D369-C610-483B-8EC5-B1D76E9634FD}.Release|Any CPU.Build.0 = Release|Any CPU
	EndGlobalSection
	GlobalSection(SolutionProperties) = preSolution
		HideSolutionNode = FALSE
	EndGlobalSection
	GlobalSection(ExtensibilityGlobals) = postSolution
		SolutionGuid = {1780C6A1-FACF-4840-88ED-EB541FAB6BEE}
	EndGlobalSection
EndGlobal
