
Microsoft Visual Studio Solution File, Format Version 12.00
# Visual Studio Version 16
VisualStudioVersion = 25.0.1703.5
MinimumVisualStudioVersion = 10.0.40219.1
Project("{FAE04EC0-301F-11D3-BF4B-00C04F79EFBC}") = "MethodOverload", "MethodOverload.csproj", "{9F4A930F-A2A6-407F-8DD0-F33EF0A30006}"
EndProject
Global
	GlobalSection(SolutionConfigurationPlatforms) = preSolution
		Debug|Any CPU = Debug|Any CPU
		Release|Any CPU = Release|Any CPU
	EndGlobalSection
	GlobalSection(ProjectConfigurationPlatforms) = postSolution
		{9F4A930F-A2A6-407F-8DD0-F33EF0A30006}.Debug|Any CPU.ActiveCfg = Debug|Any CPU
		{9F4A930F-A2A6-407F-8DD0-F33EF0A30006}.Debug|Any CPU.Build.0 = Debug|Any CPU
		{9F4A930F-A2A6-407F-8DD0-F33EF0A30006}.Release|Any CPU.ActiveCfg = Release|Any CPU
		{9F4A930F-A2A6-407F-8DD0-F33EF0A30006}.Release|Any CPU.Build.0 = Release|Any CPU
	EndGlobalSection
	GlobalSection(SolutionProperties) = preSolution
		HideSolutionNode = FALSE
	EndGlobalSection
	GlobalSection(ExtensibilityGlobals) = postSolution
		SolutionGuid = {924B8044-0E67-4314-AE7B-F3368FF543C1}
	EndGlobalSection
EndGlobal
