
Microsoft Visual Studio Solution File, Format Version 12.00
# Visual Studio Version 16
VisualStudioVersion = 25.0.1703.2
MinimumVisualStudioVersion = 10.0.40219.1
Project("{FAE04EC0-301F-11D3-BF4B-00C04F79EFBC}") = "MethodOverload", "MethodOverload\MethodOverload.csproj", "{F5FA80F2-1A65-4DE1-8BEA-DB677C9F1501}"
EndProject
Global
	GlobalSection(SolutionConfigurationPlatforms) = preSolution
		Debug|Any CPU = Debug|Any CPU
		Release|Any CPU = Release|Any CPU
	EndGlobalSection
	GlobalSection(ProjectConfigurationPlatforms) = postSolution
		{F5FA80F2-1A65-4DE1-8BEA-DB677C9F1501}.Debug|Any CPU.ActiveCfg = Debug|Any CPU
		{F5FA80F2-1A65-4DE1-8BEA-DB677C9F1501}.Debug|Any CPU.Build.0 = Debug|Any CPU
		{F5FA80F2-1A65-4DE1-8BEA-DB677C9F1501}.Release|Any CPU.ActiveCfg = Release|Any CPU
		{F5FA80F2-1A65-4DE1-8BEA-DB677C9F1501}.Release|Any CPU.Build.0 = Release|Any CPU
	EndGlobalSection
	GlobalSection(SolutionProperties) = preSolution
		HideSolutionNode = FALSE
	EndGlobalSection
	GlobalSection(ExtensibilityGlobals) = postSolution
		SolutionGuid = {88384244-2D94-4A68-B1B7-EFB8B676D587}
	EndGlobalSection
EndGlobal
