
Microsoft Visual Studio Solution File, Format Version 12.00
# Visual Studio Version 16
VisualStudioVersion = 25.0.1703.5
MinimumVisualStudioVersion = 10.0.40219.1
Project("{FAE04EC0-301F-11D3-BF4B-00C04F79EFBC}") = "JaggedArrays", "JaggedArrays\JaggedArrays.csproj", "{EFE3BD31-26B5-41FE-A1B8-E50353F7039C}"
EndProject
Global
	GlobalSection(SolutionConfigurationPlatforms) = preSolution
		Debug|Any CPU = Debug|Any CPU
		Release|Any CPU = Release|Any CPU
	EndGlobalSection
	GlobalSection(ProjectConfigurationPlatforms) = postSolution
		{EFE3BD31-26B5-41FE-A1B8-E50353F7039C}.Debug|Any CPU.ActiveCfg = Debug|Any CPU
		{EFE3BD31-26B5-41FE-A1B8-E50353F7039C}.Debug|Any CPU.Build.0 = Debug|Any CPU
		{EFE3BD31-26B5-41FE-A1B8-E50353F7039C}.Release|Any CPU.ActiveCfg = Release|Any CPU
		{EFE3BD31-26B5-41FE-A1B8-E50353F7039C}.Release|Any CPU.Build.0 = Release|Any CPU
	EndGlobalSection
	GlobalSection(SolutionProperties) = preSolution
		HideSolutionNode = FALSE
	EndGlobalSection
	GlobalSection(ExtensibilityGlobals) = postSolution
		SolutionGuid = {19740D32-2D2E-4345-913E-B5B48B48A966}
	EndGlobalSection
EndGlobal
