
Microsoft Visual Studio Solution File, Format Version 12.00
# Visual Studio Version 16
VisualStudioVersion = 25.0.1703.5
MinimumVisualStudioVersion = 10.0.40219.1
Project("{FAE04EC0-301F-11D3-BF4B-00C04F79EFBC}") = "daysOfTheWeekMays", "daysOfTheWeekMays\daysOfTheWeekMays.csproj", "{EDD5B8B8-2112-4B39-B426-0EC7824425F7}"
EndProject
Global
	GlobalSection(SolutionConfigurationPlatforms) = preSolution
		Debug|Any CPU = Debug|Any CPU
		Release|Any CPU = Release|Any CPU
	EndGlobalSection
	GlobalSection(ProjectConfigurationPlatforms) = postSolution
		{EDD5B8B8-2112-4B39-B426-0EC7824425F7}.Debug|Any CPU.ActiveCfg = Debug|Any CPU
		{EDD5B8B8-2112-4B39-B426-0EC7824425F7}.Debug|Any CPU.Build.0 = Debug|Any CPU
		{EDD5B8B8-2112-4B39-B426-0EC7824425F7}.Release|Any CPU.ActiveCfg = Release|Any CPU
		{EDD5B8B8-2112-4B39-B426-0EC7824425F7}.Release|Any CPU.Build.0 = Release|Any CPU
	EndGlobalSection
	GlobalSection(SolutionProperties) = preSolution
		HideSolutionNode = FALSE
	EndGlobalSection
	GlobalSection(ExtensibilityGlobals) = postSolution
		SolutionGuid = {09D937A4-BCB6-4C1F-A75C-3052F0C3D59D}
	EndGlobalSection
EndGlobal
