
Microsoft Visual Studio Solution File, Format Version 12.00
# Visual Studio Version 16
VisualStudioVersion = 25.0.1703.5
MinimumVisualStudioVersion = 10.0.40219.1
Project("{FAE04EC0-301F-11D3-BF4B-00C04F79EFBC}") = "JaggedArrays", "JaggedArrays.csproj", "{4E30BB16-857B-4DB1-BF53-03EBEFC9EE2E}"
EndProject
Global
	GlobalSection(SolutionConfigurationPlatforms) = preSolution
		Debug|Any CPU = Debug|Any CPU
		Release|Any CPU = Release|Any CPU
	EndGlobalSection
	GlobalSection(ProjectConfigurationPlatforms) = postSolution
		{4E30BB16-857B-4DB1-BF53-03EBEFC9EE2E}.Debug|Any CPU.ActiveCfg = Debug|Any CPU
		{4E30BB16-857B-4DB1-BF53-03EBEFC9EE2E}.Debug|Any CPU.Build.0 = Debug|Any CPU
		{4E30BB16-857B-4DB1-BF53-03EBEFC9EE2E}.Release|Any CPU.ActiveCfg = Release|Any CPU
		{4E30BB16-857B-4DB1-BF53-03EBEFC9EE2E}.Release|Any CPU.Build.0 = Release|Any CPU
	EndGlobalSection
	GlobalSection(SolutionProperties) = preSolution
		HideSolutionNode = FALSE
	EndGlobalSection
	GlobalSection(ExtensibilityGlobals) = postSolution
		SolutionGuid = {384000F0-49C0-461A-8AE9-8A885701A275}
	EndGlobalSection
EndGlobal
