
Microsoft Visual Studio Solution File, Format Version 12.00
# Visual Studio Version 16
VisualStudioVersion = 25.0.1703.2
MinimumVisualStudioVersion = 10.0.40219.1
Project("{FAE04EC0-301F-11D3-BF4B-00C04F79EFBC}") = "BillTipTaxMays", "BillTipTaxMays\BillTipTaxMays.csproj", "{9DFF5B7B-3145-48BE-A1D1-33A5DA42E0D3}"
EndProject
Global
	GlobalSection(SolutionConfigurationPlatforms) = preSolution
		Debug|Any CPU = Debug|Any CPU
		Release|Any CPU = Release|Any CPU
	EndGlobalSection
	GlobalSection(ProjectConfigurationPlatforms) = postSolution
		{9DFF5B7B-3145-48BE-A1D1-33A5DA42E0D3}.Debug|Any CPU.ActiveCfg = Debug|Any CPU
		{9DFF5B7B-3145-48BE-A1D1-33A5DA42E0D3}.Debug|Any CPU.Build.0 = Debug|Any CPU
		{9DFF5B7B-3145-48BE-A1D1-33A5DA42E0D3}.Release|Any CPU.ActiveCfg = Release|Any CPU
		{9DFF5B7B-3145-48BE-A1D1-33A5DA42E0D3}.Release|Any CPU.Build.0 = Release|Any CPU
	EndGlobalSection
	GlobalSection(SolutionProperties) = preSolution
		HideSolutionNode = FALSE
	EndGlobalSection
	GlobalSection(ExtensibilityGlobals) = postSolution
		SolutionGuid = {480FA8F7-EBE7-4427-8D3D-B7F762C3462A}
	EndGlobalSection
EndGlobal
