
Microsoft Visual Studio Solution File, Format Version 12.00
# Visual Studio Version 16
VisualStudioVersion = 25.0.1703.5
MinimumVisualStudioVersion = 10.0.40219.1
Project("{FAE04EC0-301F-11D3-BF4B-00C04F79EFBC}") = "DebuggerLastName", "DebuggerLastName.csproj", "{04024F1B-AB0B-42DE-9204-09E8F8A6F7E3}"
EndProject
Global
	GlobalSection(SolutionConfigurationPlatforms) = preSolution
		Debug|Any CPU = Debug|Any CPU
		Release|Any CPU = Release|Any CPU
	EndGlobalSection
	GlobalSection(ProjectConfigurationPlatforms) = postSolution
		{04024F1B-AB0B-42DE-9204-09E8F8A6F7E3}.Debug|Any CPU.ActiveCfg = Debug|Any CPU
		{04024F1B-AB0B-42DE-9204-09E8F8A6F7E3}.Debug|Any CPU.Build.0 = Debug|Any CPU
		{04024F1B-AB0B-42DE-9204-09E8F8A6F7E3}.Release|Any CPU.ActiveCfg = Release|Any CPU
		{04024F1B-AB0B-42DE-9204-09E8F8A6F7E3}.Release|Any CPU.Build.0 = Release|Any CPU
	EndGlobalSection
	GlobalSection(SolutionProperties) = preSolution
		HideSolutionNode = FALSE
	EndGlobalSection
	GlobalSection(ExtensibilityGlobals) = postSolution
		SolutionGuid = {11EE2002-C032-4B23-9ED8-03A298C3C74A}
	EndGlobalSection
EndGlobal
