
Microsoft Visual Studio Solution File, Format Version 12.00
# Visual Studio Version 16
VisualStudioVersion = 25.0.1703.5
MinimumVisualStudioVersion = 10.0.40219.1
Project("{FAE04EC0-301F-11D3-BF4B-00C04F79EFBC}") = "validateDoWhileMays", "validateDoWhileMays.csproj", "{DFF80F5E-9BB2-4D92-AF7A-7705805544D1}"
EndProject
Global
	GlobalSection(SolutionConfigurationPlatforms) = preSolution
		Debug|Any CPU = Debug|Any CPU
		Release|Any CPU = Release|Any CPU
	EndGlobalSection
	GlobalSection(ProjectConfigurationPlatforms) = postSolution
		{DFF80F5E-9BB2-4D92-AF7A-7705805544D1}.Debug|Any CPU.ActiveCfg = Debug|Any CPU
		{DFF80F5E-9BB2-4D92-AF7A-7705805544D1}.Debug|Any CPU.Build.0 = Debug|Any CPU
		{DFF80F5E-9BB2-4D92-AF7A-7705805544D1}.Release|Any CPU.ActiveCfg = Release|Any CPU
		{DFF80F5E-9BB2-4D92-AF7A-7705805544D1}.Release|Any CPU.Build.0 = Release|Any CPU
	EndGlobalSection
	GlobalSection(SolutionProperties) = preSolution
		HideSolutionNode = FALSE
	EndGlobalSection
	GlobalSection(ExtensibilityGlobals) = postSolution
		SolutionGuid = {5B974C1F-46E5-4015-803D-0D6DA6A9D59F}
	EndGlobalSection
EndGlobal
