
Microsoft Visual Studio Solution File, Format Version 12.00
# Visual Studio Version 16
VisualStudioVersion = 25.0.1703.2
MinimumVisualStudioVersion = 10.0.40219.1
Project("{FAE04EC0-301F-11D3-BF4B-00C04F79EFBC}") = "Tickets", "Tickets\Tickets.csproj", "{C46317CE-C674-4A5B-83D8-D018FF59E34C}"
EndProject
Global
	GlobalSection(SolutionConfigurationPlatforms) = preSolution
		Debug|Any CPU = Debug|Any CPU
		Release|Any CPU = Release|Any CPU
	EndGlobalSection
	GlobalSection(ProjectConfigurationPlatforms) = postSolution
		{C46317CE-C674-4A5B-83D8-D018FF59E34C}.Debug|Any CPU.ActiveCfg = Debug|Any CPU
		{C46317CE-C674-4A5B-83D8-D018FF59E34C}.Debug|Any CPU.Build.0 = Debug|Any CPU
		{C46317CE-C674-4A5B-83D8-D018FF59E34C}.Release|Any CPU.ActiveCfg = Release|Any CPU
		{C46317CE-C674-4A5B-83D8-D018FF59E34C}.Release|Any CPU.Build.0 = Release|Any CPU
	EndGlobalSection
	GlobalSection(SolutionProperties) = preSolution
		HideSolutionNode = FALSE
	EndGlobalSection
	GlobalSection(ExtensibilityGlobals) = postSolution
		SolutionGuid = {B9727214-9E6E-4F69-89F4-8EFC042F1DB6}
	EndGlobalSection
EndGlobal
