
Microsoft Visual Studio Solution File, Format Version 12.00
# Visual Studio Version 16
VisualStudioVersion = 25.0.1703.2
MinimumVisualStudioVersion = 10.0.40219.1
Project("{FAE04EC0-301F-11D3-BF4B-00C04F79EFBC}") = "FirstUnitTestLastName", "FirstUnitTestLastName\FirstUnitTestLastName.csproj", "{D37CF5A5-94AA-4585-8C50-8DBF8FA56BB8}"
EndProject
Global
	GlobalSection(SolutionConfigurationPlatforms) = preSolution
		Debug|Any CPU = Debug|Any CPU
		Release|Any CPU = Release|Any CPU
	EndGlobalSection
	GlobalSection(ProjectConfigurationPlatforms) = postSolution
		{D37CF5A5-94AA-4585-8C50-8DBF8FA56BB8}.Debug|Any CPU.ActiveCfg = Debug|Any CPU
		{D37CF5A5-94AA-4585-8C50-8DBF8FA56BB8}.Debug|Any CPU.Build.0 = Debug|Any CPU
		{D37CF5A5-94AA-4585-8C50-8DBF8FA56BB8}.Release|Any CPU.ActiveCfg = Release|Any CPU
		{D37CF5A5-94AA-4585-8C50-8DBF8FA56BB8}.Release|Any CPU.Build.0 = Release|Any CPU
	EndGlobalSection
	GlobalSection(SolutionProperties) = preSolution
		HideSolutionNode = FALSE
	EndGlobalSection
	GlobalSection(ExtensibilityGlobals) = postSolution
		SolutionGuid = {E0D4C599-B542-48AE-BF05-10EC56A282F6}
	EndGlobalSection
EndGlobal
